
Microsoft Visual Studio Solution File, Format Version 12.00
# Visual Studio Version 16
VisualStudioVersion = 16.0.28803.202
MinimumVisualStudioVersion = 10.0.40219.1
Project("{FAE04EC0-301F-11D3-BF4B-00C04F79EFBC}") = "WebApplication4", "WebApplication4\WebApplication4.csproj", "{473F5D6E-93AF-4C91-AD5C-B471DEA981DD}"
EndProject
Global
	GlobalSection(SolutionConfigurationPlatforms) = preSolution
		Debug|Any CPU = Debug|Any CPU
		Release|Any CPU = Release|Any CPU
	EndGlobalSection
	GlobalSection(ProjectConfigurationPlatforms) = postSolution
		{473F5D6E-93AF-4C91-AD5C-B471DEA981DD}.Debug|Any CPU.ActiveCfg = Debug|Any CPU
		{473F5D6E-93AF-4C91-AD5C-B471DEA981DD}.Debug|Any CPU.Build.0 = Debug|Any CPU
		{473F5D6E-93AF-4C91-AD5C-B471DEA981DD}.Release|Any CPU.ActiveCfg = Release|Any CPU
		{473F5D6E-93AF-4C91-AD5C-B471DEA981DD}.Release|Any CPU.Build.0 = Release|Any CPU
	EndGlobalSection
	GlobalSection(SolutionProperties) = preSolution
		HideSolutionNode = FALSE
	EndGlobalSection
	GlobalSection(ExtensibilityGlobals) = postSolution
		SolutionGuid = {43079F2D-0592-4D6A-B1BE-4C8EC80EAEA5}
	EndGlobalSection
EndGlobal
